
Microsoft Visual Studio Solution File, Format Version 12.00
# Visual Studio Version 17
VisualStudioVersion = 17.6.33801.468
MinimumVisualStudioVersion = 10.0.40219.1
Project("{FAE04EC0-301F-11D3-BF4B-00C04F79EFBC}") = "voyantisServer", "voyantisServer.csproj", "{7B72B84E-2E4B-4C6F-8B61-B5156F932067}"
EndProject
Global
	GlobalSection(SolutionConfigurationPlatforms) = preSolution
		Debug|Any CPU = Debug|Any CPU
		Release|Any CPU = Release|Any CPU
	EndGlobalSection
	GlobalSection(ProjectConfigurationPlatforms) = postSolution
		{7B72B84E-2E4B-4C6F-8B61-B5156F932067}.Debug|Any CPU.ActiveCfg = Debug|Any CPU
		{7B72B84E-2E4B-4C6F-8B61-B5156F932067}.Debug|Any CPU.Build.0 = Debug|Any CPU
		{7B72B84E-2E4B-4C6F-8B61-B5156F932067}.Release|Any CPU.ActiveCfg = Release|Any CPU
		{7B72B84E-2E4B-4C6F-8B61-B5156F932067}.Release|Any CPU.Build.0 = Release|Any CPU
	EndGlobalSection
	GlobalSection(SolutionProperties) = preSolution
		HideSolutionNode = FALSE
	EndGlobalSection
	GlobalSection(ExtensibilityGlobals) = postSolution
		SolutionGuid = {D8A1818E-F5EE-4FB8-9984-94EE71EDE97D}
	EndGlobalSection
EndGlobal
